
Microsoft Visual Studio Solution File, Format Version 12.00
# Visual Studio Version 16
VisualStudioVersion = 16.0.31624.102
MinimumVisualStudioVersion = 10.0.40219.1
Project("{9A19103F-16F7-4668-BE54-9A1E7A4F7556}") = "VetModel.Web", "VetModel.Web\VetModel.Web.csproj", "{A3C6504E-9168-4898-81A8-097A88702C62}"
EndProject
Project("{9A19103F-16F7-4668-BE54-9A1E7A4F7556}") = "VetModel.Common", "VetModel.Common\VetModel.Common.csproj", "{442016DF-D528-4DB4-A18E-15B1DCCD6243}"
EndProject
Project("{FAE04EC0-301F-11D3-BF4B-00C04F79EFBC}") = "VetModel.Prism", "VetModel.Prism\VetModel.Prism\VetModel.Prism.csproj", "{7314298C-9800-4A51-8F20-23C522B446FD}"
EndProject
Project("{FAE04EC0-301F-11D3-BF4B-00C04F79EFBC}") = "VetModel.Prism.Android", "VetModel.Prism\VetModel.Prism.Android\VetModel.Prism.Android.csproj", "{9A5846E8-8CFC-4169-9766-395FE687CBE2}"
EndProject
Project("{FAE04EC0-301F-11D3-BF4B-00C04F79EFBC}") = "VetModel.Prism.iOS", "VetModel.Prism\VetModel.Prism.iOS\VetModel.Prism.iOS.csproj", "{C1DE2AAB-0689-482F-BBEA-B1E3FA2B622C}"
EndProject
Global
	GlobalSection(SolutionConfigurationPlatforms) = preSolution
		Ad-Hoc|Any CPU = Ad-Hoc|Any CPU
		Ad-Hoc|iPhone = Ad-Hoc|iPhone
		Ad-Hoc|iPhoneSimulator = Ad-Hoc|iPhoneSimulator
		AppStore|Any CPU = AppStore|Any CPU
		AppStore|iPhone = AppStore|iPhone
		AppStore|iPhoneSimulator = AppStore|iPhoneSimulator
		Debug|Any CPU = Debug|Any CPU
		Debug|iPhone = Debug|iPhone
		Debug|iPhoneSimulator = Debug|iPhoneSimulator
		Release|Any CPU = Release|Any CPU
		Release|iPhone = Release|iPhone
		Release|iPhoneSimulator = Release|iPhoneSimulator
	EndGlobalSection
	GlobalSection(ProjectConfigurationPlatforms) = postSolution
		{A3C6504E-9168-4898-81A8-097A88702C62}.Ad-Hoc|Any CPU.ActiveCfg = Release|Any CPU
		{A3C6504E-9168-4898-81A8-097A88702C62}.Ad-Hoc|Any CPU.Build.0 = Release|Any CPU
		{A3C6504E-9168-4898-81A8-097A88702C62}.Ad-Hoc|iPhone.ActiveCfg = Release|Any CPU
		{A3C6504E-9168-4898-81A8-097A88702C62}.Ad-Hoc|iPhone.Build.0 = Release|Any CPU
		{A3C6504E-9168-4898-81A8-097A88702C62}.Ad-Hoc|iPhoneSimulator.ActiveCfg = Release|Any CPU
		{A3C6504E-9168-4898-81A8-097A88702C62}.Ad-Hoc|iPhoneSimulator.Build.0 = Release|Any CPU
		{A3C6504E-9168-4898-81A8-097A88702C62}.AppStore|Any CPU.ActiveCfg = Release|Any CPU
		{A3C6504E-9168-4898-81A8-097A88702C62}.AppStore|Any CPU.Build.0 = Release|Any CPU
		{A3C6504E-9168-4898-81A8-097A88702C62}.AppStore|iPhone.ActiveCfg = Release|Any CPU
		{A3C6504E-9168-4898-81A8-097A88702C62}.AppStore|iPhone.Build.0 = Release|Any CPU
		{A3C6504E-9168-4898-81A8-097A88702C62}.AppStore|iPhoneSimulator.ActiveCfg = Release|Any CPU
		{A3C6504E-9168-4898-81A8-097A88702C62}.AppStore|iPhoneSimulator.Build.0 = Release|Any CPU
		{A3C6504E-9168-4898-81A8-097A88702C62}.Debug|Any CPU.ActiveCfg = Debug|Any CPU
		{A3C6504E-9168-4898-81A8-097A88702C62}.Debug|Any CPU.Build.0 = Debug|Any CPU
		{A3C6504E-9168-4898-81A8-097A88702C62}.Debug|iPhone.ActiveCfg = Debug|Any CPU
		{A3C6504E-9168-4898-81A8-097A88702C62}.Debug|iPhone.Build.0 = Debug|Any CPU
		{A3C6504E-9168-4898-81A8-097A88702C62}.Debug|iPhoneSimulator.ActiveCfg = Debug|Any CPU
		{A3C6504E-9168-4898-81A8-097A88702C62}.Debug|iPhoneSimulator.Build.0 = Debug|Any CPU
		{A3C6504E-9168-4898-81A8-097A88702C62}.Release|Any CPU.ActiveCfg = Release|Any CPU
		{A3C6504E-9168-4898-81A8-097A88702C62}.Release|Any CPU.Build.0 = Release|Any CPU
		{A3C6504E-9168-4898-81A8-097A88702C62}.Release|iPhone.ActiveCfg = Release|Any CPU
		{A3C6504E-9168-4898-81A8-097A88702C62}.Release|iPhone.Build.0 = Release|Any CPU
		{A3C6504E-9168-4898-81A8-097A88702C62}.Release|iPhoneSimulator.ActiveCfg = Release|Any CPU
		{A3C6504E-9168-4898-81A8-097A88702C62}.Release|iPhoneSimulator.Build.0 = Release|Any CPU
		{442016DF-D528-4DB4-A18E-15B1DCCD6243}.Ad-Hoc|Any CPU.ActiveCfg = Release|Any CPU
		{442016DF-D528-4DB4-A18E-15B1DCCD6243}.Ad-Hoc|Any CPU.Build.0 = Release|Any CPU
		{442016DF-D528-4DB4-A18E-15B1DCCD6243}.Ad-Hoc|iPhone.ActiveCfg = Release|Any CPU
		{442016DF-D528-4DB4-A18E-15B1DCCD6243}.Ad-Hoc|iPhone.Build.0 = Release|Any CPU
		{442016DF-D528-4DB4-A18E-15B1DCCD6243}.Ad-Hoc|iPhoneSimulator.ActiveCfg = Release|Any CPU
		{442016DF-D528-4DB4-A18E-15B1DCCD6243}.Ad-Hoc|iPhoneSimulator.Build.0 = Release|Any CPU
		{442016DF-D528-4DB4-A18E-15B1DCCD6243}.AppStore|Any CPU.ActiveCfg = Release|Any CPU
		{442016DF-D528-4DB4-A18E-15B1DCCD6243}.AppStore|Any CPU.Build.0 = Release|Any CPU
		{442016DF-D528-4DB4-A18E-15B1DCCD6243}.AppStore|iPhone.ActiveCfg = Release|Any CPU
		{442016DF-D528-4DB4-A18E-15B1DCCD6243}.AppStore|iPhone.Build.0 = Release|Any CPU
		{442016DF-D528-4DB4-A18E-15B1DCCD6243}.AppStore|iPhoneSimulator.ActiveCfg = Release|Any CPU
		{442016DF-D528-4DB4-A18E-15B1DCCD6243}.AppStore|iPhoneSimulator.Build.0 = Release|Any CPU
		{442016DF-D528-4DB4-A18E-15B1DCCD6243}.Debug|Any CPU.ActiveCfg = Debug|Any CPU
		{442016DF-D528-4DB4-A18E-15B1DCCD6243}.Debug|Any CPU.Build.0 = Debug|Any CPU
		{442016DF-D528-4DB4-A18E-15B1DCCD6243}.Debug|iPhone.ActiveCfg = Debug|Any CPU
		{442016DF-D528-4DB4-A18E-15B1DCCD6243}.Debug|iPhone.Build.0 = Debug|Any CPU
		{442016DF-D528-4DB4-A18E-15B1DCCD6243}.Debug|iPhoneSimulator.ActiveCfg = Debug|Any CPU
		{442016DF-D528-4DB4-A18E-15B1DCCD6243}.Debug|iPhoneSimulator.Build.0 = Debug|Any CPU
		{442016DF-D528-4DB4-A18E-15B1DCCD6243}.Release|Any CPU.ActiveCfg = Release|Any CPU
		{442016DF-D528-4DB4-A18E-15B1DCCD6243}.Release|Any CPU.Build.0 = Release|Any CPU
		{442016DF-D528-4DB4-A18E-15B1DCCD6243}.Release|iPhone.ActiveCfg = Release|Any CPU
		{442016DF-D528-4DB4-A18E-15B1DCCD6243}.Release|iPhone.Build.0 = Release|Any CPU
		{442016DF-D528-4DB4-A18E-15B1DCCD6243}.Release|iPhoneSimulator.ActiveCfg = Release|Any CPU
		{442016DF-D528-4DB4-A18E-15B1DCCD6243}.Release|iPhoneSimulator.Build.0 = Release|Any CPU
		{7314298C-9800-4A51-8F20-23C522B446FD}.Ad-Hoc|Any CPU.ActiveCfg = Debug|Any CPU
		{7314298C-9800-4A51-8F20-23C522B446FD}.Ad-Hoc|Any CPU.Build.0 = Debug|Any CPU
		{7314298C-9800-4A51-8F20-23C522B446FD}.Ad-Hoc|iPhone.ActiveCfg = Debug|Any CPU
		{7314298C-9800-4A51-8F20-23C522B446FD}.Ad-Hoc|iPhone.Build.0 = Debug|Any CPU
		{7314298C-9800-4A51-8F20-23C522B446FD}.Ad-Hoc|iPhoneSimulator.ActiveCfg = Debug|Any CPU
		{7314298C-9800-4A51-8F20-23C522B446FD}.Ad-Hoc|iPhoneSimulator.Build.0 = Debug|Any CPU
		{7314298C-9800-4A51-8F20-23C522B446FD}.AppStore|Any CPU.ActiveCfg = Debug|Any CPU
		{7314298C-9800-4A51-8F20-23C522B446FD}.AppStore|Any CPU.Build.0 = Debug|Any CPU
		{7314298C-9800-4A51-8F20-23C522B446FD}.AppStore|iPhone.ActiveCfg = Debug|Any CPU
		{7314298C-9800-4A51-8F20-23C522B446FD}.AppStore|iPhone.Build.0 = Debug|Any CPU
		{7314298C-9800-4A51-8F20-23C522B446FD}.AppStore|iPhoneSimulator.ActiveCfg = Debug|Any CPU
		{7314298C-9800-4A51-8F20-23C522B446FD}.AppStore|iPhoneSimulator.Build.0 = Debug|Any CPU
		{7314298C-9800-4A51-8F20-23C522B446FD}.Debug|Any CPU.ActiveCfg = Debug|Any CPU
		{7314298C-9800-4A51-8F20-23C522B446FD}.Debug|Any CPU.Build.0 = Debug|Any CPU
		{7314298C-9800-4A51-8F20-23C522B446FD}.Debug|iPhone.ActiveCfg = Debug|Any CPU
		{7314298C-9800-4A51-8F20-23C522B446FD}.Debug|iPhone.Build.0 = Debug|Any CPU
		{7314298C-9800-4A51-8F20-23C522B446FD}.Debug|iPhoneSimulator.ActiveCfg = Debug|Any CPU
		{7314298C-9800-4A51-8F20-23C522B446FD}.Debug|iPhoneSimulator.Build.0 = Debug|Any CPU
		{7314298C-9800-4A51-8F20-23C522B446FD}.Release|Any CPU.ActiveCfg = Release|Any CPU
		{7314298C-9800-4A51-8F20-23C522B446FD}.Release|Any CPU.Build.0 = Release|Any CPU
		{7314298C-9800-4A51-8F20-23C522B446FD}.Release|iPhone.ActiveCfg = Release|Any CPU
		{7314298C-9800-4A51-8F20-23C522B446FD}.Release|iPhone.Build.0 = Release|Any CPU
		{7314298C-9800-4A51-8F20-23C522B446FD}.Release|iPhoneSimulator.ActiveCfg = Release|Any CPU
		{7314298C-9800-4A51-8F20-23C522B446FD}.Release|iPhoneSimulator.Build.0 = Release|Any CPU
		{9A5846E8-8CFC-4169-9766-395FE687CBE2}.Ad-Hoc|Any CPU.ActiveCfg = Debug|Any CPU
		{9A5846E8-8CFC-4169-9766-395FE687CBE2}.Ad-Hoc|Any CPU.Build.0 = Debug|Any CPU
		{9A5846E8-8CFC-4169-9766-395FE687CBE2}.Ad-Hoc|Any CPU.Deploy.0 = Debug|Any CPU
		{9A5846E8-8CFC-4169-9766-395FE687CBE2}.Ad-Hoc|iPhone.ActiveCfg = Debug|Any CPU
		{9A5846E8-8CFC-4169-9766-395FE687CBE2}.Ad-Hoc|iPhone.Build.0 = Debug|Any CPU
		{9A5846E8-8CFC-4169-9766-395FE687CBE2}.Ad-Hoc|iPhone.Deploy.0 = Debug|Any CPU
		{9A5846E8-8CFC-4169-9766-395FE687CBE2}.Ad-Hoc|iPhoneSimulator.ActiveCfg = Debug|Any CPU
		{9A5846E8-8CFC-4169-9766-395FE687CBE2}.Ad-Hoc|iPhoneSimulator.Build.0 = Debug|Any CPU
		{9A5846E8-8CFC-4169-9766-395FE687CBE2}.Ad-Hoc|iPhoneSimulator.Deploy.0 = Debug|Any CPU
		{9A5846E8-8CFC-4169-9766-395FE687CBE2}.AppStore|Any CPU.ActiveCfg = Debug|Any CPU
		{9A5846E8-8CFC-4169-9766-395FE687CBE2}.AppStore|Any CPU.Build.0 = Debug|Any CPU
		{9A5846E8-8CFC-4169-9766-395FE687CBE2}.AppStore|Any CPU.Deploy.0 = Debug|Any CPU
		{9A5846E8-8CFC-4169-9766-395FE687CBE2}.AppStore|iPhone.ActiveCfg = Debug|Any CPU
		{9A5846E8-8CFC-4169-9766-395FE687CBE2}.AppStore|iPhone.Build.0 = Debug|Any CPU
		{9A5846E8-8CFC-4169-9766-395FE687CBE2}.AppStore|iPhone.Deploy.0 = Debug|Any CPU
		{9A5846E8-8CFC-4169-9766-395FE687CBE2}.AppStore|iPhoneSimulator.ActiveCfg = Debug|Any CPU
		{9A5846E8-8CFC-4169-9766-395FE687CBE2}.AppStore|iPhoneSimulator.Build.0 = Debug|Any CPU
		{9A5846E8-8CFC-4169-9766-395FE687CBE2}.AppStore|iPhoneSimulator.Deploy.0 = Debug|Any CPU
		{9A5846E8-8CFC-4169-9766-395FE687CBE2}.Debug|Any CPU.ActiveCfg = Debug|Any CPU
		{9A5846E8-8CFC-4169-9766-395FE687CBE2}.Debug|Any CPU.Build.0 = Debug|Any CPU
		{9A5846E8-8CFC-4169-9766-395FE687CBE2}.Debug|Any CPU.Deploy.0 = Debug|Any CPU
		{9A5846E8-8CFC-4169-9766-395FE687CBE2}.Debug|iPhone.ActiveCfg = Debug|Any CPU
		{9A5846E8-8CFC-4169-9766-395FE687CBE2}.Debug|iPhone.Build.0 = Debug|Any CPU
		{9A5846E8-8CFC-4169-9766-395FE687CBE2}.Debug|iPhone.Deploy.0 = Debug|Any CPU
		{9A5846E8-8CFC-4169-9766-395FE687CBE2}.Debug|iPhoneSimulator.ActiveCfg = Debug|Any CPU
		{9A5846E8-8CFC-4169-9766-395FE687CBE2}.Debug|iPhoneSimulator.Build.0 = Debug|Any CPU
		{9A5846E8-8CFC-4169-9766-395FE687CBE2}.Debug|iPhoneSimulator.Deploy.0 = Debug|Any CPU
		{9A5846E8-8CFC-4169-9766-395FE687CBE2}.Release|Any CPU.ActiveCfg = Release|Any CPU
		{9A5846E8-8CFC-4169-9766-395FE687CBE2}.Release|Any CPU.Build.0 = Release|Any CPU
		{9A5846E8-8CFC-4169-9766-395FE687CBE2}.Release|Any CPU.Deploy.0 = Release|Any CPU
		{9A5846E8-8CFC-4169-9766-395FE687CBE2}.Release|iPhone.ActiveCfg = Release|Any CPU
		{9A5846E8-8CFC-4169-9766-395FE687CBE2}.Release|iPhone.Build.0 = Release|Any CPU
		{9A5846E8-8CFC-4169-9766-395FE687CBE2}.Release|iPhone.Deploy.0 = Release|Any CPU
		{9A5846E8-8CFC-4169-9766-395FE687CBE2}.Release|iPhoneSimulator.ActiveCfg = Release|Any CPU
		{9A5846E8-8CFC-4169-9766-395FE687CBE2}.Release|iPhoneSimulator.Build.0 = Release|Any CPU
		{9A5846E8-8CFC-4169-9766-395FE687CBE2}.Release|iPhoneSimulator.Deploy.0 = Release|Any CPU
		{C1DE2AAB-0689-482F-BBEA-B1E3FA2B622C}.Ad-Hoc|Any CPU.ActiveCfg = Ad-Hoc|iPhoneSimulator
		{C1DE2AAB-0689-482F-BBEA-B1E3FA2B622C}.Ad-Hoc|iPhone.ActiveCfg = Ad-Hoc|iPhone
		{C1DE2AAB-0689-482F-BBEA-B1E3FA2B622C}.Ad-Hoc|iPhone.Build.0 = Ad-Hoc|iPhone
		{C1DE2AAB-0689-482F-BBEA-B1E3FA2B622C}.Ad-Hoc|iPhoneSimulator.ActiveCfg = Ad-Hoc|iPhoneSimulator
		{C1DE2AAB-0689-482F-BBEA-B1E3FA2B622C}.Ad-Hoc|iPhoneSimulator.Build.0 = Ad-Hoc|iPhoneSimulator
		{C1DE2AAB-0689-482F-BBEA-B1E3FA2B622C}.AppStore|Any CPU.ActiveCfg = AppStore|iPhoneSimulator
		{C1DE2AAB-0689-482F-BBEA-B1E3FA2B622C}.AppStore|iPhone.ActiveCfg = AppStore|iPhone
		{C1DE2AAB-0689-482F-BBEA-B1E3FA2B622C}.AppStore|iPhone.Build.0 = AppStore|iPhone
		{C1DE2AAB-0689-482F-BBEA-B1E3FA2B622C}.AppStore|iPhoneSimulator.ActiveCfg = AppStore|iPhoneSimulator
		{C1DE2AAB-0689-482F-BBEA-B1E3FA2B622C}.AppStore|iPhoneSimulator.Build.0 = AppStore|iPhoneSimulator
		{C1DE2AAB-0689-482F-BBEA-B1E3FA2B622C}.Debug|Any CPU.ActiveCfg = Debug|iPhoneSimulator
		{C1DE2AAB-0689-482F-BBEA-B1E3FA2B622C}.Debug|iPhone.ActiveCfg = Debug|iPhone
		{C1DE2AAB-0689-482F-BBEA-B1E3FA2B622C}.Debug|iPhone.Build.0 = Debug|iPhone
		{C1DE2AAB-0689-482F-BBEA-B1E3FA2B622C}.Debug|iPhoneSimulator.ActiveCfg = Debug|iPhoneSimulator
		{C1DE2AAB-0689-482F-BBEA-B1E3FA2B622C}.Debug|iPhoneSimulator.Build.0 = Debug|iPhoneSimulator
		{C1DE2AAB-0689-482F-BBEA-B1E3FA2B622C}.Release|Any CPU.ActiveCfg = Release|iPhoneSimulator
		{C1DE2AAB-0689-482F-BBEA-B1E3FA2B622C}.Release|iPhone.ActiveCfg = Release|iPhone
		{C1DE2AAB-0689-482F-BBEA-B1E3FA2B622C}.Release|iPhone.Build.0 = Release|iPhone
		{C1DE2AAB-0689-482F-BBEA-B1E3FA2B622C}.Release|iPhoneSimulator.ActiveCfg = Release|iPhoneSimulator
		{C1DE2AAB-0689-482F-BBEA-B1E3FA2B622C}.Release|iPhoneSimulator.Build.0 = Release|iPhoneSimulator
	EndGlobalSection
	GlobalSection(SolutionProperties) = preSolution
		HideSolutionNode = FALSE
	EndGlobalSection
	GlobalSection(ExtensibilityGlobals) = postSolution
		SolutionGuid = {EEDBD458-2A76-4E23-91FD-6EE5F97E9649}
	EndGlobalSection
EndGlobal
